// !$*UTF8*$!
{
	archiveVersion = 1;
	classes = {
	};
	objectVersion = 50;
	objects = {

/* Begin PBXBuildFile section */
		F189FDFA24ED125F007F76F8 /* main.c in Sources */ = {isa = PBXBuildFile; fileRef = F189FDF924ED125F007F76F8 /* main.c */; };
		F189FE0624ED146A007F76F8 /* main.c in Sources */ = {isa = PBXBuildFile; fileRef = F189FE0524ED146A007F76F8 /* main.c */; };
		F189FE1224ED1980007F76F8 /* main.c in Sources */ = {isa = PBXBuildFile; fileRef = F189FE1124ED1980007F76F8 /* main.c */; };
/* End PBXBuildFile section */

/* Begin PBXCopyFilesBuildPhase section */
		F189FDF524ED125F007F76F8 /* CopyFiles */ = {
			isa = PBXCopyFilesBuildPhase;
			buildActionMask = 2147483647;
			dstPath = /usr/share/man/man1/;
			dstSubfolderSpec = 0;
			files = (
			);
			runOnlyForDeploymentPostprocessing = 1;
		};
		F189FE0124ED146A007F76F8 /* CopyFiles */ = {
			isa = PBXCopyFilesBuildPhase;
			buildActionMask = 2147483647;
			dstPath = /usr/share/man/man1/;
			dstSubfolderSpec = 0;
			files = (
			);
			runOnlyForDeploymentPostprocessing = 1;
		};
		F189FE0D24ED1980007F76F8 /* CopyFiles */ = {
			isa = PBXCopyFilesBuildPhase;
			buildActionMask = 2147483647;
			dstPath = /usr/share/man/man1/;
			dstSubfolderSpec = 0;
			files = (
			);
			runOnlyForDeploymentPostprocessing = 1;
		};
/* End PBXCopyFilesBuildPhase section */

/* Begin PBXFileReference section */
		F189FDF124ED10E7007F76F8 /* README.md */ = {isa = PBXFileReference; lastKnownFileType = net.daringfireball.markdown; path = README.md; sourceTree = "<group>"; };
		F189FDF724ED125F007F76F8 /* ex1 */ = {isa = PBXFileReference; explicitFileType = "compiled.mach-o.executable"; includeInIndex = 0; path = ex1; sourceTree = BUILT_PRODUCTS_DIR; };
		F189FDF924ED125F007F76F8 /* main.c */ = {isa = PBXFileReference; lastKnownFileType = sourcecode.c.c; path = main.c; sourceTree = "<group>"; };
		F189FDFE24ED12FE007F76F8 /* array.h */ = {isa = PBXFileReference; lastKnownFileType = sourcecode.c.h; path = array.h; sourceTree = "<group>"; };
		F189FE0324ED146A007F76F8 /* ex2 */ = {isa = PBXFileReference; explicitFileType = "compiled.mach-o.executable"; includeInIndex = 0; path = ex2; sourceTree = BUILT_PRODUCTS_DIR; };
		F189FE0524ED146A007F76F8 /* main.c */ = {isa = PBXFileReference; lastKnownFileType = sourcecode.c.c; path = main.c; sourceTree = "<group>"; };
		F189FE0A24ED14D8007F76F8 /* stack.h */ = {isa = PBXFileReference; lastKnownFileType = sourcecode.c.h; path = stack.h; sourceTree = "<group>"; };
		F189FE0F24ED1980007F76F8 /* ex3 */ = {isa = PBXFileReference; explicitFileType = "compiled.mach-o.executable"; includeInIndex = 0; path = ex3; sourceTree = BUILT_PRODUCTS_DIR; };
		F189FE1124ED1980007F76F8 /* main.c */ = {isa = PBXFileReference; lastKnownFileType = sourcecode.c.c; path = main.c; sourceTree = "<group>"; };
/* End PBXFileReference section */

/* Begin PBXFrameworksBuildPhase section */
		F189FDF424ED125F007F76F8 /* Frameworks */ = {
			isa = PBXFrameworksBuildPhase;
			buildActionMask = 2147483647;
			files = (
			);
			runOnlyForDeploymentPostprocessing = 0;
		};
		F189FE0024ED146A007F76F8 /* Frameworks */ = {
			isa = PBXFrameworksBuildPhase;
			buildActionMask = 2147483647;
			files = (
			);
			runOnlyForDeploymentPostprocessing = 0;
		};
		F189FE0C24ED1980007F76F8 /* Frameworks */ = {
			isa = PBXFrameworksBuildPhase;
			buildActionMask = 2147483647;
			files = (
			);
			runOnlyForDeploymentPostprocessing = 0;
		};
/* End PBXFrameworksBuildPhase section */

/* Begin PBXGroup section */
		F189FDDE24ED1054007F76F8 = {
			isa = PBXGroup;
			children = (
				F189FDF124ED10E7007F76F8 /* README.md */,
				F189FDF824ED125F007F76F8 /* ex1 */,
				F189FE0424ED146A007F76F8 /* ex2 */,
				F189FE1024ED1980007F76F8 /* ex3 */,
				F189FDE824ED1054007F76F8 /* Products */,
			);
			sourceTree = "<group>";
		};
		F189FDE824ED1054007F76F8 /* Products */ = {
			isa = PBXGroup;
			children = (
				F189FDF724ED125F007F76F8 /* ex1 */,
				F189FE0324ED146A007F76F8 /* ex2 */,
				F189FE0F24ED1980007F76F8 /* ex3 */,
			);
			name = Products;
			sourceTree = "<group>";
		};
		F189FDF824ED125F007F76F8 /* ex1 */ = {
			isa = PBXGroup;
			children = (
				F189FDF924ED125F007F76F8 /* main.c */,
				F189FDFE24ED12FE007F76F8 /* array.h */,
			);
			path = ex1;
			sourceTree = "<group>";
		};
		F189FE0424ED146A007F76F8 /* ex2 */ = {
			isa = PBXGroup;
			children = (
				F189FE0524ED146A007F76F8 /* main.c */,
				F189FE0A24ED14D8007F76F8 /* stack.h */,
			);
			path = ex2;
			sourceTree = "<group>";
		};
		F189FE1024ED1980007F76F8 /* ex3 */ = {
			isa = PBXGroup;
			children = (
				F189FE1124ED1980007F76F8 /* main.c */,
			);
			path = ex3;
			sourceTree = "<group>";
		};
/* End PBXGroup section */

/* Begin PBXNativeTarget section */
		F189FDF624ED125F007F76F8 /* ex1 */ = {
			isa = PBXNativeTarget;
			buildConfigurationList = F189FDFB24ED125F007F76F8 /* Build configuration list for PBXNativeTarget "ex1" */;
			buildPhases = (
				F189FDF324ED125F007F76F8 /* Sources */,
				F189FDF424ED125F007F76F8 /* Frameworks */,
				F189FDF524ED125F007F76F8 /* CopyFiles */,
			);
			buildRules = (
			);
			dependencies = (
			);
			name = ex1;
			productName = ex1;
			productReference = F189FDF724ED125F007F76F8 /* ex1 */;
			productType = "com.apple.product-type.tool";
		};
		F189FE0224ED146A007F76F8 /* ex2 */ = {
			isa = PBXNativeTarget;
			buildConfigurationList = F189FE0724ED146A007F76F8 /* Build configuration list for PBXNativeTarget "ex2" */;
			buildPhases = (
				F189FDFF24ED146A007F76F8 /* Sources */,
				F189FE0024ED146A007F76F8 /* Frameworks */,
				F189FE0124ED146A007F76F8 /* CopyFiles */,
			);
			buildRules = (
			);
			dependencies = (
			);
			name = ex2;
			productName = ex2;
			productReference = F189FE0324ED146A007F76F8 /* ex2 */;
			productType = "com.apple.product-type.tool";
		};
		F189FE0E24ED1980007F76F8 /* ex3 */ = {
			isa = PBXNativeTarget;
			buildConfigurationList = F189FE1324ED1980007F76F8 /* Build configuration list for PBXNativeTarget "ex3" */;
			buildPhases = (
				F189FE0B24ED1980007F76F8 /* Sources */,
				F189FE0C24ED1980007F76F8 /* Frameworks */,
				F189FE0D24ED1980007F76F8 /* CopyFiles */,
			);
			buildRules = (
			);
			dependencies = (
			);
			name = ex3;
			productName = ex3;
			productReference = F189FE0F24ED1980007F76F8 /* ex3 */;
			productType = "com.apple.product-type.tool";
		};
/* End PBXNativeTarget section */

/* Begin PBXProject section */
		F189FDDF24ED1054007F76F8 /* Project object */ = {
			isa = PBXProject;
			attributes = {
				LastUpgradeCheck = 1160;
				ORGANIZATIONNAME = 42yeah;
				TargetAttributes = {
					F189FDF624ED125F007F76F8 = {
						CreatedOnToolsVersion = 11.6;
					};
					F189FE0224ED146A007F76F8 = {
						CreatedOnToolsVersion = 11.6;
					};
					F189FE0E24ED1980007F76F8 = {
						CreatedOnToolsVersion = 11.6;
					};
				};
			};
			buildConfigurationList = F189FDE224ED1054007F76F8 /* Build configuration list for PBXProject "algos" */;
			compatibilityVersion = "Xcode 9.3";
			developmentRegion = en;
			hasScannedForEncodings = 0;
			knownRegions = (
				en,
				Base,
			);
			mainGroup = F189FDDE24ED1054007F76F8;
			productRefGroup = F189FDE824ED1054007F76F8 /* Products */;
			projectDirPath = "";
			projectRoot = "";
			targets = (
				F189FDF624ED125F007F76F8 /* ex1 */,
				F189FE0224ED146A007F76F8 /* ex2 */,
				F189FE0E24ED1980007F76F8 /* ex3 */,
			);
		};
/* End PBXProject section */

/* Begin PBXSourcesBuildPhase section */
		F189FDF324ED125F007F76F8 /* Sources */ = {
			isa = PBXSourcesBuildPhase;
			buildActionMask = 2147483647;
			files = (
				F189FDFA24ED125F007F76F8 /* main.c in Sources */,
			);
			runOnlyForDeploymentPostprocessing = 0;
		};
		F189FDFF24ED146A007F76F8 /* Sources */ = {
			isa = PBXSourcesBuildPhase;
			buildActionMask = 2147483647;
			files = (
				F189FE0624ED146A007F76F8 /* main.c in Sources */,
			);
			runOnlyForDeploymentPostprocessing = 0;
		};
		F189FE0B24ED1980007F76F8 /* Sources */ = {
			isa = PBXSourcesBuildPhase;
			buildActionMask = 2147483647;
			files = (
				F189FE1224ED1980007F76F8 /* main.c in Sources */,
			);
			runOnlyForDeploymentPostprocessing = 0;
		};
/* End PBXSourcesBuildPhase section */

/* Begin XCBuildConfiguration section */
		F189FDEC24ED1054007F76F8 /* Debug */ = {
			isa = XCBuildConfiguration;
			buildSettings = {
				ALWAYS_SEARCH_USER_PATHS = NO;
				CLANG_ANALYZER_NONNULL = YES;
				CLANG_ANALYZER_NUMBER_OBJECT_CONVERSION = YES_AGGRESSIVE;
				CLANG_CXX_LANGUAGE_STANDARD = "gnu++14";
				CLANG_CXX_LIBRARY = "libc++";
				CLANG_ENABLE_MODULES = YES;
				CLANG_ENABLE_OBJC_ARC = YES;
				CLANG_ENABLE_OBJC_WEAK = YES;
				CLANG_WARN_BLOCK_CAPTURE_AUTORELEASING = YES;
				CLANG_WARN_BOOL_CONVERSION = YES;
				CLANG_WARN_COMMA = YES;
				CLANG_WARN_CONSTANT_CONVERSION = YES;
				CLANG_WARN_DEPRECATED_OBJC_IMPLEMENTATIONS = YES;
				CLANG_WARN_DIRECT_OBJC_ISA_USAGE = YES_ERROR;
				CLANG_WARN_DOCUMENTATION_COMMENTS = YES;
				CLANG_WARN_EMPTY_BODY = YES;
				CLANG_WARN_ENUM_CONVERSION = YES;
				CLANG_WARN_INFINITE_RECURSION = YES;
				CLANG_WARN_INT_CONVERSION = YES;
				CLANG_WARN_NON_LITERAL_NULL_CONVERSION = YES;
				CLANG_WARN_OBJC_IMPLICIT_RETAIN_SELF = YES;
				CLANG_WARN_OBJC_LITERAL_CONVERSION = YES;
				CLANG_WARN_OBJC_ROOT_CLASS = YES_ERROR;
				CLANG_WARN_RANGE_LOOP_ANALYSIS = YES;
				CLANG_WARN_STRICT_PROTOTYPES = YES;
				CLANG_WARN_SUSPICIOUS_MOVE = YES;
				CLANG_WARN_UNGUARDED_AVAILABILITY = YES_AGGRESSIVE;
				CLANG_WARN_UNREACHABLE_CODE = YES;
				CLANG_WARN__DUPLICATE_METHOD_MATCH = YES;
				COPY_PHASE_STRIP = NO;
				DEBUG_INFORMATION_FORMAT = dwarf;
				ENABLE_STRICT_OBJC_MSGSEND = YES;
				ENABLE_TESTABILITY = YES;
				GCC_C_LANGUAGE_STANDARD = gnu11;
				GCC_DYNAMIC_NO_PIC = NO;
				GCC_NO_COMMON_BLOCKS = YES;
				GCC_OPTIMIZATION_LEVEL = 0;
				GCC_PREPROCESSOR_DEFINITIONS = (
					"DEBUG=1",
					"$(inherited)",
				);
				GCC_WARN_64_TO_32_BIT_CONVERSION = YES;
				GCC_WARN_ABOUT_RETURN_TYPE = YES_ERROR;
				GCC_WARN_UNDECLARED_SELECTOR = YES;
				GCC_WARN_UNINITIALIZED_AUTOS = YES_AGGRESSIVE;
				GCC_WARN_UNUSED_FUNCTION = YES;
				GCC_WARN_UNUSED_VARIABLE = YES;
				MACOSX_DEPLOYMENT_TARGET = 10.15;
				MTL_ENABLE_DEBUG_INFO = INCLUDE_SOURCE;
				MTL_FAST_MATH = YES;
				ONLY_ACTIVE_ARCH = YES;
				SDKROOT = macosx;
			};
			name = Debug;
		};
		F189FDED24ED1054007F76F8 /* Release */ = {
			isa = XCBuildConfiguration;
			buildSettings = {
				ALWAYS_SEARCH_USER_PATHS = NO;
				CLANG_ANALYZER_NONNULL = YES;
				CLANG_ANALYZER_NUMBER_OBJECT_CONVERSION = YES_AGGRESSIVE;
				CLANG_CXX_LANGUAGE_STANDARD = "gnu++14";
				CLANG_CXX_LIBRARY = "libc++";
				CLANG_ENABLE_MODULES = YES;
				CLANG_ENABLE_OBJC_ARC = YES;
				CLANG_ENABLE_OBJC_WEAK = YES;
				CLANG_WARN_BLOCK_CAPTURE_AUTORELEASING = YES;
				CLANG_WARN_BOOL_CONVERSION = YES;
				CLANG_WARN_COMMA = YES;
				CLANG_WARN_CONSTANT_CONVERSION = YES;
				CLANG_WARN_DEPRECATED_OBJC_IMPLEMENTATIONS = YES;
				CLANG_WARN_DIRECT_OBJC_ISA_USAGE = YES_ERROR;
				CLANG_WARN_DOCUMENTATION_COMMENTS = YES;
				CLANG_WARN_EMPTY_BODY = YES;
				CLANG_WARN_ENUM_CONVERSION = YES;
				CLANG_WARN_INFINITE_RECURSION = YES;
				CLANG_WARN_INT_CONVERSION = YES;
				CLANG_WARN_NON_LITERAL_NULL_CONVERSION = YES;
				CLANG_WARN_OBJC_IMPLICIT_RETAIN_SELF = YES;
				CLANG_WARN_OBJC_LITERAL_CONVERSION = YES;
				CLANG_WARN_OBJC_ROOT_CLASS = YES_ERROR;
				CLANG_WARN_RANGE_LOOP_ANALYSIS = YES;
				CLANG_WARN_STRICT_PROTOTYPES = YES;
				CLANG_WARN_SUSPICIOUS_MOVE = YES;
				CLANG_WARN_UNGUARDED_AVAILABILITY = YES_AGGRESSIVE;
				CLANG_WARN_UNREACHABLE_CODE = YES;
				CLANG_WARN__DUPLICATE_METHOD_MATCH = YES;
				COPY_PHASE_STRIP = NO;
				DEBUG_INFORMATION_FORMAT = "dwarf-with-dsym";
				ENABLE_NS_ASSERTIONS = NO;
				ENABLE_STRICT_OBJC_MSGSEND = YES;
				GCC_C_LANGUAGE_STANDARD = gnu11;
				GCC_NO_COMMON_BLOCKS = YES;
				GCC_WARN_64_TO_32_BIT_CONVERSION = YES;
				GCC_WARN_ABOUT_RETURN_TYPE = YES_ERROR;
				GCC_WARN_UNDECLARED_SELECTOR = YES;
				GCC_WARN_UNINITIALIZED_AUTOS = YES_AGGRESSIVE;
				GCC_WARN_UNUSED_FUNCTION = YES;
				GCC_WARN_UNUSED_VARIABLE = YES;
				MACOSX_DEPLOYMENT_TARGET = 10.15;
				MTL_ENABLE_DEBUG_INFO = NO;
				MTL_FAST_MATH = YES;
				SDKROOT = macosx;
			};
			name = Release;
		};
		F189FDFC24ED125F007F76F8 /* Debug */ = {
			isa = XCBuildConfiguration;
			buildSettings = {
				CODE_SIGN_STYLE = Automatic;
				PRODUCT_NAME = "$(TARGET_NAME)";
			};
			name = Debug;
		};
		F189FDFD24ED125F007F76F8 /* Release */ = {
			isa = XCBuildConfiguration;
			buildSettings = {
				CODE_SIGN_STYLE = Automatic;
				PRODUCT_NAME = "$(TARGET_NAME)";
			};
			name = Release;
		};
		F189FE0824ED146A007F76F8 /* Debug */ = {
			isa = XCBuildConfiguration;
			buildSettings = {
				CODE_SIGN_STYLE = Automatic;
				PRODUCT_NAME = "$(TARGET_NAME)";
			};
			name = Debug;
		};
		F189FE0924ED146A007F76F8 /* Release */ = {
			isa = XCBuildConfiguration;
			buildSettings = {
				CODE_SIGN_STYLE = Automatic;
				PRODUCT_NAME = "$(TARGET_NAME)";
			};
			name = Release;
		};
		F189FE1424ED1980007F76F8 /* Debug */ = {
			isa = XCBuildConfiguration;
			buildSettings = {
				CODE_SIGN_STYLE = Automatic;
				PRODUCT_NAME = "$(TARGET_NAME)";
			};
			name = Debug;
		};
		F189FE1524ED1980007F76F8 /* Release */ = {
			isa = XCBuildConfiguration;
			buildSettings = {
				CODE_SIGN_STYLE = Automatic;
				PRODUCT_NAME = "$(TARGET_NAME)";
			};
			name = Release;
		};
/* End XCBuildConfiguration section */

/* Begin XCConfigurationList section */
		F189FDE224ED1054007F76F8 /* Build configuration list for PBXProject "algos" */ = {
			isa = XCConfigurationList;
			buildConfigurations = (
				F189FDEC24ED1054007F76F8 /* Debug */,
				F189FDED24ED1054007F76F8 /* Release */,
			);
			defaultConfigurationIsVisible = 0;
			defaultConfigurationName = Release;
		};
		F189FDFB24ED125F007F76F8 /* Build configuration list for PBXNativeTarget "ex1" */ = {
			isa = XCConfigurationList;
			buildConfigurations = (
				F189FDFC24ED125F007F76F8 /* Debug */,
				F189FDFD24ED125F007F76F8 /* Release */,
			);
			defaultConfigurationIsVisible = 0;
			defaultConfigurationName = Release;
		};
		F189FE0724ED146A007F76F8 /* Build configuration list for PBXNativeTarget "ex2" */ = {
			isa = XCConfigurationList;
			buildConfigurations = (
				F189FE0824ED146A007F76F8 /* Debug */,
				F189FE0924ED146A007F76F8 /* Release */,
			);
			defaultConfigurationIsVisible = 0;
			defaultConfigurationName = Release;
		};
		F189FE1324ED1980007F76F8 /* Build configuration list for PBXNativeTarget "ex3" */ = {
			isa = XCConfigurationList;
			buildConfigurations = (
				F189FE1424ED1980007F76F8 /* Debug */,
				F189FE1524ED1980007F76F8 /* Release */,
			);
			defaultConfigurationIsVisible = 0;
			defaultConfigurationName = Release;
		};
/* End XCConfigurationList section */
	};
	rootObject = F189FDDF24ED1054007F76F8 /* Project object */;
}
